{
  "version": 4,
  "terraform_version": "1.2.7",
  "serial": 165,
  "lineage": "0cc10207-9ec4-b94a-6f7f-71850734c356",
  "outputs": {},
  "resources": [
    {
      "module": "module.glue",
      "mode": "managed",
      "type": "aws_glue_catalog_database",
      "name": "youtube_raw_database",
      "provider": "provider[\"registry.terraform.io/hashicorp/aws\"]",
      "instances": [
        {
          "schema_version": 0,
          "attributes": {
            "arn": "arn:aws:glue:us-east-1:750431063106:database/raw-statiscts-reference-data.de-youtube-raw",
            "catalog_id": "750431063106",
            "create_table_default_permission": [
              {
                "permissions": [
                  "ALL"
                ],
                "principal": [
                  {
                    "data_lake_principal_identifier": "IAM_ALLOWED_PRINCIPALS"
                  }
                ]
              }
            ],
            "description": "",
            "id": "750431063106:raw-statiscts-reference-data.de-youtube-raw",
            "location_uri": "",
            "name": "raw-statiscts-reference-data.de-youtube-raw",
            "parameters": null,
            "target_database": []
          },
          "sensitive_attributes": [],
          "private": "bnVsbA=="
        }
      ]
    },
    {
      "module": "module.glue",
      "mode": "managed",
      "type": "aws_glue_crawler",
      "name": "de-youtube-raw",
      "provider": "provider[\"registry.terraform.io/hashicorp/aws\"]",
      "instances": [
        {
          "status": "tainted",
          "schema_version": 0,
          "attributes": {
            "arn": "arn:aws:glue:us-east-1:750431063106:crawler/de-on-youtube-raw-glue-catalog-1",
            "catalog_target": [],
            "classifiers": null,
            "configuration": "",
            "database_name": "raw-statiscts-reference-data.de-youtube-raw.raw_statistics_reference_data",
            "delta_target": [],
            "description": "",
            "dynamodb_target": [],
            "id": "de-on-youtube-raw-glue-catalog-1",
            "jdbc_target": [],
            "lineage_configuration": [
              {
                "crawler_lineage_settings": "DISABLE"
              }
            ],
            "mongodb_target": [],
            "name": "de-on-youtube-raw-glue-catalog-1",
            "recrawl_policy": [
              {
                "recrawl_behavior": "CRAWL_EVERYTHING"
              }
            ],
            "role": "de-on-yotube-glue-s3-role",
            "s3_target": [
              {
                "connection_name": "",
                "dlq_event_queue_arn": "",
                "event_queue_arn": "",
                "exclusions": null,
                "path": "s3://de-atilla-on-youtube-raw-useast1-dev/youtub/raw_statistics_reference_data",
                "sample_size": 0
              }
            ],
            "schedule": "",
            "schema_change_policy": [
              {
                "delete_behavior": "DEPRECATE_IN_DATABASE",
                "update_behavior": "UPDATE_IN_DATABASE"
              }
            ],
            "security_configuration": "",
            "table_prefix": "",
            "tags": null,
            "tags_all": {}
          },
          "sensitive_attributes": [],
          "private": "bnVsbA=="
        }
      ]
    },
    {
      "module": "module.s3",
      "mode": "managed",
      "type": "aws_s3_bucket",
      "name": "youtube-project",
      "provider": "provider[\"registry.terraform.io/hashicorp/aws\"]",
      "instances": [
        {
          "schema_version": 0,
          "attributes": {
            "acceleration_status": "",
            "acl": null,
            "arn": "arn:aws:s3:::de-atilla-on-youtube-raw-useast1-dev",
            "bucket": "de-atilla-on-youtube-raw-useast1-dev",
            "bucket_domain_name": "de-atilla-on-youtube-raw-useast1-dev.s3.amazonaws.com",
            "bucket_prefix": null,
            "bucket_regional_domain_name": "de-atilla-on-youtube-raw-useast1-dev.s3.amazonaws.com",
            "cors_rule": [],
            "force_destroy": false,
            "grant": [
              {
                "id": "bc36019308096ccf56e2a4c87ef494e31e416d644cb391333711d64c5054948a",
                "permissions": [
                  "FULL_CONTROL"
                ],
                "type": "CanonicalUser",
                "uri": ""
              }
            ],
            "hosted_zone_id": "Z3AQBSTGFYJSTF",
            "id": "de-atilla-on-youtube-raw-useast1-dev",
            "lifecycle_rule": [],
            "logging": [],
            "object_lock_configuration": [],
            "object_lock_enabled": false,
            "policy": "",
            "region": "us-east-1",
            "replication_configuration": [],
            "request_payer": "BucketOwner",
            "server_side_encryption_configuration": [
              {
                "rule": [
                  {
                    "apply_server_side_encryption_by_default": [
                      {
                        "kms_master_key_id": "",
                        "sse_algorithm": "AES256"
                      }
                    ],
                    "bucket_key_enabled": false
                  }
                ]
              }
            ],
            "tags": {},
            "tags_all": {},
            "timeouts": null,
            "versioning": [
              {
                "enabled": false,
                "mfa_delete": false
              }
            ],
            "website": [],
            "website_domain": null,
            "website_endpoint": null
          },
          "sensitive_attributes": [],
          "private": "eyJlMmJmYjczMC1lY2FhLTExZTYtOGY4OC0zNDM2M2JjN2M0YzAiOnsiY3JlYXRlIjoxMjAwMDAwMDAwMDAwLCJkZWxldGUiOjM2MDAwMDAwMDAwMDAsInJlYWQiOjEyMDAwMDAwMDAwMDAsInVwZGF0ZSI6MTIwMDAwMDAwMDAwMH19"
        }
      ]
    },
    {
      "module": "module.s3",
      "mode": "managed",
      "type": "aws_s3_bucket_public_access_block",
      "name": "public-access-block",
      "provider": "provider[\"registry.terraform.io/hashicorp/aws\"]",
      "instances": [
        {
          "schema_version": 0,
          "attributes": {
            "block_public_acls": true,
            "block_public_policy": true,
            "bucket": "de-atilla-on-youtube-raw-useast1-dev",
            "id": "de-atilla-on-youtube-raw-useast1-dev",
            "ignore_public_acls": true,
            "restrict_public_buckets": true
          },
          "sensitive_attributes": [],
          "private": "bnVsbA==",
          "dependencies": [
            "module.s3.aws_s3_bucket.youtube-project"
          ]
        }
      ]
    },
    {
      "module": "module.s3",
      "mode": "managed",
      "type": "aws_s3_bucket_server_side_encryption_configuration",
      "name": "encrypt",
      "provider": "provider[\"registry.terraform.io/hashicorp/aws\"]",
      "instances": [
        {
          "schema_version": 0,
          "attributes": {
            "bucket": "de-atilla-on-youtube-raw-useast1-dev",
            "expected_bucket_owner": "",
            "id": "de-atilla-on-youtube-raw-useast1-dev",
            "rule": [
              {
                "apply_server_side_encryption_by_default": [
                  {
                    "kms_master_key_id": "",
                    "sse_algorithm": "AES256"
                  }
                ],
                "bucket_key_enabled": false
              }
            ]
          },
          "sensitive_attributes": [],
          "private": "bnVsbA==",
          "dependencies": [
            "module.s3.aws_s3_bucket.youtube-project"
          ]
        }
      ]
    },
    {
      "module": "module.s3",
      "mode": "managed",
      "type": "aws_s3_object",
      "name": "create-folder",
      "provider": "provider[\"registry.terraform.io/hashicorp/aws\"]",
      "instances": [
        {
          "schema_version": 0,
          "attributes": {
            "acl": "private",
            "bucket": "de-atilla-on-youtube-raw-useast1-dev",
            "bucket_key_enabled": false,
            "cache_control": "",
            "content": null,
            "content_base64": null,
            "content_disposition": "",
            "content_encoding": "",
            "content_language": "",
            "content_type": "binary/octet-stream",
            "etag": "d41d8cd98f00b204e9800998ecf8427e",
            "force_destroy": false,
            "id": "youtube/",
            "key": "youtube/",
            "kms_key_id": null,
            "metadata": {},
            "object_lock_legal_hold_status": "",
            "object_lock_mode": "",
            "object_lock_retain_until_date": "",
            "server_side_encryption": "AES256",
            "source": null,
            "source_hash": null,
            "storage_class": "STANDARD",
            "tags": {},
            "tags_all": {},
            "version_id": "",
            "website_redirect": ""
          },
          "sensitive_attributes": [],
          "private": "bnVsbA==",
          "dependencies": [
            "module.s3.aws_s3_bucket.youtube-project"
          ]
        }
      ]
    },
    {
      "module": "module.s3",
      "mode": "managed",
      "type": "aws_s3_object",
      "name": "csv-data",
      "provider": "provider[\"registry.terraform.io/hashicorp/aws\"]",
      "instances": [
        {
          "index_key": "region=CA/CAvideos.csv",
          "schema_version": 0,
          "attributes": {
            "acl": "private",
            "bucket": "de-atilla-on-youtube-raw-useast1-dev",
            "bucket_key_enabled": false,
            "cache_control": "",
            "content": null,
            "content_base64": null,
            "content_disposition": "",
            "content_encoding": "",
            "content_language": "",
            "content_type": "binary/octet-stream",
            "etag": "13139b19c8493000d88e89d2d5524ce8-13",
            "force_destroy": false,
            "id": "youtube/raw_statistics/region=CA/CAvideos.csv",
            "key": "youtube/raw_statistics/region=CA/CAvideos.csv",
            "kms_key_id": null,
            "metadata": {},
            "object_lock_legal_hold_status": "",
            "object_lock_mode": "",
            "object_lock_retain_until_date": "",
            "server_side_encryption": "AES256",
            "source": "/home/atilla/data/region=CA/CAvideos.csv",
            "source_hash": null,
            "storage_class": "STANDARD",
            "tags": {},
            "tags_all": {},
            "version_id": "",
            "website_redirect": ""
          },
          "sensitive_attributes": [],
          "private": "bnVsbA==",
          "dependencies": [
            "module.s3.aws_s3_bucket.youtube-project"
          ]
        },
        {
          "index_key": "region=DE/DEvideos.csv",
          "schema_version": 0,
          "attributes": {
            "acl": "private",
            "bucket": "de-atilla-on-youtube-raw-useast1-dev",
            "bucket_key_enabled": false,
            "cache_control": "",
            "content": null,
            "content_base64": null,
            "content_disposition": "",
            "content_encoding": "",
            "content_language": "",
            "content_type": "binary/octet-stream",
            "etag": "bde9ba2546a961be288e9741f72e6198-13",
            "force_destroy": false,
            "id": "youtube/raw_statistics/region=DE/DEvideos.csv",
            "key": "youtube/raw_statistics/region=DE/DEvideos.csv",
            "kms_key_id": null,
            "metadata": {},
            "object_lock_legal_hold_status": "",
            "object_lock_mode": "",
            "object_lock_retain_until_date": "",
            "server_side_encryption": "AES256",
            "source": "/home/atilla/data/region=DE/DEvideos.csv",
            "source_hash": null,
            "storage_class": "STANDARD",
            "tags": {},
            "tags_all": {},
            "version_id": "",
            "website_redirect": ""
          },
          "sensitive_attributes": [],
          "private": "bnVsbA==",
          "dependencies": [
            "module.s3.aws_s3_bucket.youtube-project"
          ]
        },
        {
          "index_key": "region=FR/FRvideos.csv",
          "schema_version": 0,
          "attributes": {
            "acl": "private",
            "bucket": "de-atilla-on-youtube-raw-useast1-dev",
            "bucket_key_enabled": false,
            "cache_control": "",
            "content": null,
            "content_base64": null,
            "content_disposition": "",
            "content_encoding": "",
            "content_language": "",
            "content_type": "binary/octet-stream",
            "etag": "faf3fb0a5e821a2401c54c74364a8770-10",
            "force_destroy": false,
            "id": "youtube/raw_statistics/region=FR/FRvideos.csv",
            "key": "youtube/raw_statistics/region=FR/FRvideos.csv",
            "kms_key_id": null,
            "metadata": {},
            "object_lock_legal_hold_status": "",
            "object_lock_mode": "",
            "object_lock_retain_until_date": "",
            "server_side_encryption": "AES256",
            "source": "/home/atilla/data/region=FR/FRvideos.csv",
            "source_hash": null,
            "storage_class": "STANDARD",
            "tags": {},
            "tags_all": {},
            "version_id": "",
            "website_redirect": ""
          },
          "sensitive_attributes": [],
          "private": "bnVsbA==",
          "dependencies": [
            "module.s3.aws_s3_bucket.youtube-project"
          ]
        },
        {
          "index_key": "region=GB/GBvideos.csv",
          "schema_version": 0,
          "attributes": {
            "acl": "private",
            "bucket": "de-atilla-on-youtube-raw-useast1-dev",
            "bucket_key_enabled": false,
            "cache_control": "",
            "content": null,
            "content_base64": null,
            "content_disposition": "",
            "content_encoding": "",
            "content_language": "",
            "content_type": "binary/octet-stream",
            "etag": "6e21da52947eefe2e47f38873a66f12f-11",
            "force_destroy": false,
            "id": "youtube/raw_statistics/region=GB/GBvideos.csv",
            "key": "youtube/raw_statistics/region=GB/GBvideos.csv",
            "kms_key_id": null,
            "metadata": {},
            "object_lock_legal_hold_status": "",
            "object_lock_mode": "",
            "object_lock_retain_until_date": "",
            "server_side_encryption": "AES256",
            "source": "/home/atilla/data/region=GB/GBvideos.csv",
            "source_hash": null,
            "storage_class": "STANDARD",
            "tags": {},
            "tags_all": {},
            "version_id": "",
            "website_redirect": ""
          },
          "sensitive_attributes": [],
          "private": "bnVsbA==",
          "dependencies": [
            "module.s3.aws_s3_bucket.youtube-project"
          ]
        },
        {
          "index_key": "region=IN/INvideos.csv",
          "schema_version": 0,
          "attributes": {
            "acl": "private",
            "bucket": "de-atilla-on-youtube-raw-useast1-dev",
            "bucket_key_enabled": false,
            "cache_control": "",
            "content": null,
            "content_base64": null,
            "content_disposition": "",
            "content_encoding": "",
            "content_language": "",
            "content_type": "binary/octet-stream",
            "etag": "11ee709151fe58d91d38a5d9874b20e0-12",
            "force_destroy": false,
            "id": "youtube/raw_statistics/region=IN/INvideos.csv",
            "key": "youtube/raw_statistics/region=IN/INvideos.csv",
            "kms_key_id": null,
            "metadata": {},
            "object_lock_legal_hold_status": "",
            "object_lock_mode": "",
            "object_lock_retain_until_date": "",
            "server_side_encryption": "AES256",
            "source": "/home/atilla/data/region=IN/INvideos.csv",
            "source_hash": null,
            "storage_class": "STANDARD",
            "tags": {},
            "tags_all": {},
            "version_id": "",
            "website_redirect": ""
          },
          "sensitive_attributes": [],
          "private": "bnVsbA==",
          "dependencies": [
            "module.s3.aws_s3_bucket.youtube-project"
          ]
        },
        {
          "index_key": "region=JP/JPvideos.csv",
          "schema_version": 0,
          "attributes": {
            "acl": "private",
            "bucket": "de-atilla-on-youtube-raw-useast1-dev",
            "bucket_key_enabled": false,
            "cache_control": "",
            "content": null,
            "content_base64": null,
            "content_disposition": "",
            "content_encoding": "",
            "content_language": "",
            "content_type": "binary/octet-stream",
            "etag": "e5ceb48d5f7a86269b981fd0ef62e9be-6",
            "force_destroy": false,
            "id": "youtube/raw_statistics/region=JP/JPvideos.csv",
            "key": "youtube/raw_statistics/region=JP/JPvideos.csv",
            "kms_key_id": null,
            "metadata": {},
            "object_lock_legal_hold_status": "",
            "object_lock_mode": "",
            "object_lock_retain_until_date": "",
            "server_side_encryption": "AES256",
            "source": "/home/atilla/data/region=JP/JPvideos.csv",
            "source_hash": null,
            "storage_class": "STANDARD",
            "tags": {},
            "tags_all": {},
            "version_id": "",
            "website_redirect": ""
          },
          "sensitive_attributes": [],
          "private": "bnVsbA==",
          "dependencies": [
            "module.s3.aws_s3_bucket.youtube-project"
          ]
        },
        {
          "index_key": "region=KR/KRvideos.csv",
          "schema_version": 0,
          "attributes": {
            "acl": "private",
            "bucket": "de-atilla-on-youtube-raw-useast1-dev",
            "bucket_key_enabled": false,
            "cache_control": "",
            "content": null,
            "content_base64": null,
            "content_disposition": "",
            "content_encoding": "",
            "content_language": "",
            "content_type": "binary/octet-stream",
            "etag": "57b8c64c70454966381438372ca702dc-7",
            "force_destroy": false,
            "id": "youtube/raw_statistics/region=KR/KRvideos.csv",
            "key": "youtube/raw_statistics/region=KR/KRvideos.csv",
            "kms_key_id": null,
            "metadata": {},
            "object_lock_legal_hold_status": "",
            "object_lock_mode": "",
            "object_lock_retain_until_date": "",
            "server_side_encryption": "AES256",
            "source": "/home/atilla/data/region=KR/KRvideos.csv",
            "source_hash": null,
            "storage_class": "STANDARD",
            "tags": {},
            "tags_all": {},
            "version_id": "",
            "website_redirect": ""
          },
          "sensitive_attributes": [],
          "private": "bnVsbA==",
          "dependencies": [
            "module.s3.aws_s3_bucket.youtube-project"
          ]
        },
        {
          "index_key": "region=MX/MXvideos.csv",
          "schema_version": 0,
          "attributes": {
            "acl": "private",
            "bucket": "de-atilla-on-youtube-raw-useast1-dev",
            "bucket_key_enabled": false,
            "cache_control": "",
            "content": null,
            "content_base64": null,
            "content_disposition": "",
            "content_encoding": "",
            "content_language": "",
            "content_type": "binary/octet-stream",
            "etag": "0436441fff16febf1fc61752b5e41669-9",
            "force_destroy": false,
            "id": "youtube/raw_statistics/region=MX/MXvideos.csv",
            "key": "youtube/raw_statistics/region=MX/MXvideos.csv",
            "kms_key_id": null,
            "metadata": {},
            "object_lock_legal_hold_status": "",
            "object_lock_mode": "",
            "object_lock_retain_until_date": "",
            "server_side_encryption": "AES256",
            "source": "/home/atilla/data/region=MX/MXvideos.csv",
            "source_hash": null,
            "storage_class": "STANDARD",
            "tags": {},
            "tags_all": {},
            "version_id": "",
            "website_redirect": ""
          },
          "sensitive_attributes": [],
          "private": "bnVsbA==",
          "dependencies": [
            "module.s3.aws_s3_bucket.youtube-project"
          ]
        },
        {
          "index_key": "region=RU/RUvideos.csv",
          "schema_version": 0,
          "attributes": {
            "acl": "private",
            "bucket": "de-atilla-on-youtube-raw-useast1-dev",
            "bucket_key_enabled": false,
            "cache_control": "",
            "content": null,
            "content_base64": null,
            "content_disposition": "",
            "content_encoding": "",
            "content_language": "",
            "content_type": "binary/octet-stream",
            "etag": "77ea0c222b00f8e72749bb75cfacd19c-15",
            "force_destroy": false,
            "id": "youtube/raw_statistics/region=RU/RUvideos.csv",
            "key": "youtube/raw_statistics/region=RU/RUvideos.csv",
            "kms_key_id": null,
            "metadata": {},
            "object_lock_legal_hold_status": "",
            "object_lock_mode": "",
            "object_lock_retain_until_date": "",
            "server_side_encryption": "AES256",
            "source": "/home/atilla/data/region=RU/RUvideos.csv",
            "source_hash": null,
            "storage_class": "STANDARD",
            "tags": {},
            "tags_all": {},
            "version_id": "",
            "website_redirect": ""
          },
          "sensitive_attributes": [],
          "private": "bnVsbA==",
          "dependencies": [
            "module.s3.aws_s3_bucket.youtube-project"
          ]
        },
        {
          "index_key": "region=US/USvideos.csv",
          "schema_version": 0,
          "attributes": {
            "acl": "private",
            "bucket": "de-atilla-on-youtube-raw-useast1-dev",
            "bucket_key_enabled": false,
            "cache_control": "",
            "content": null,
            "content_base64": null,
            "content_disposition": "",
            "content_encoding": "",
            "content_language": "",
            "content_type": "binary/octet-stream",
            "etag": "e20f6180bdb2ffe67bf60a7a401d723d-12",
            "force_destroy": false,
            "id": "youtube/raw_statistics/region=US/USvideos.csv",
            "key": "youtube/raw_statistics/region=US/USvideos.csv",
            "kms_key_id": null,
            "metadata": {},
            "object_lock_legal_hold_status": "",
            "object_lock_mode": "",
            "object_lock_retain_until_date": "",
            "server_side_encryption": "AES256",
            "source": "/home/atilla/data/region=US/USvideos.csv",
            "source_hash": null,
            "storage_class": "STANDARD",
            "tags": {},
            "tags_all": {},
            "version_id": "",
            "website_redirect": ""
          },
          "sensitive_attributes": [],
          "private": "bnVsbA==",
          "dependencies": [
            "module.s3.aws_s3_bucket.youtube-project"
          ]
        }
      ]
    },
    {
      "module": "module.s3",
      "mode": "managed",
      "type": "aws_s3_object",
      "name": "json-data",
      "provider": "provider[\"registry.terraform.io/hashicorp/aws\"]",
      "instances": [
        {
          "index_key": "CA_category_id.json",
          "schema_version": 0,
          "attributes": {
            "acl": "private",
            "bucket": "de-atilla-on-youtube-raw-useast1-dev",
            "bucket_key_enabled": false,
            "cache_control": "",
            "content": null,
            "content_base64": null,
            "content_disposition": "",
            "content_encoding": "",
            "content_language": "",
            "content_type": "binary/octet-stream",
            "etag": "5878f8b1762d8877efd59800b06ae9b4",
            "force_destroy": false,
            "id": "youtube/raw_statistics_reference_data/CA_category_id.json",
            "key": "youtube/raw_statistics_reference_data/CA_category_id.json",
            "kms_key_id": null,
            "metadata": {},
            "object_lock_legal_hold_status": "",
            "object_lock_mode": "",
            "object_lock_retain_until_date": "",
            "server_side_encryption": "AES256",
            "source": "/home/atilla/data/CA_category_id.json",
            "source_hash": null,
            "storage_class": "STANDARD",
            "tags": {},
            "tags_all": {},
            "version_id": "",
            "website_redirect": ""
          },
          "sensitive_attributes": [],
          "private": "bnVsbA==",
          "dependencies": [
            "module.s3.aws_s3_bucket.youtube-project"
          ]
        },
        {
          "index_key": "DE_category_id.json",
          "schema_version": 0,
          "attributes": {
            "acl": "private",
            "bucket": "de-atilla-on-youtube-raw-useast1-dev",
            "bucket_key_enabled": false,
            "cache_control": "",
            "content": null,
            "content_base64": null,
            "content_disposition": "",
            "content_encoding": "",
            "content_language": "",
            "content_type": "binary/octet-stream",
            "etag": "5878f8b1762d8877efd59800b06ae9b4",
            "force_destroy": false,
            "id": "youtube/raw_statistics_reference_data/DE_category_id.json",
            "key": "youtube/raw_statistics_reference_data/DE_category_id.json",
            "kms_key_id": null,
            "metadata": {},
            "object_lock_legal_hold_status": "",
            "object_lock_mode": "",
            "object_lock_retain_until_date": "",
            "server_side_encryption": "AES256",
            "source": "/home/atilla/data/DE_category_id.json",
            "source_hash": null,
            "storage_class": "STANDARD",
            "tags": {},
            "tags_all": {},
            "version_id": "",
            "website_redirect": ""
          },
          "sensitive_attributes": [],
          "private": "bnVsbA==",
          "dependencies": [
            "module.s3.aws_s3_bucket.youtube-project"
          ]
        },
        {
          "index_key": "FR_category_id.json",
          "schema_version": 0,
          "attributes": {
            "acl": "private",
            "bucket": "de-atilla-on-youtube-raw-useast1-dev",
            "bucket_key_enabled": false,
            "cache_control": "",
            "content": null,
            "content_base64": null,
            "content_disposition": "",
            "content_encoding": "",
            "content_language": "",
            "content_type": "binary/octet-stream",
            "etag": "5878f8b1762d8877efd59800b06ae9b4",
            "force_destroy": false,
            "id": "youtube/raw_statistics_reference_data/FR_category_id.json",
            "key": "youtube/raw_statistics_reference_data/FR_category_id.json",
            "kms_key_id": null,
            "metadata": {},
            "object_lock_legal_hold_status": "",
            "object_lock_mode": "",
            "object_lock_retain_until_date": "",
            "server_side_encryption": "AES256",
            "source": "/home/atilla/data/FR_category_id.json",
            "source_hash": null,
            "storage_class": "STANDARD",
            "tags": {},
            "tags_all": {},
            "version_id": "",
            "website_redirect": ""
          },
          "sensitive_attributes": [],
          "private": "bnVsbA==",
          "dependencies": [
            "module.s3.aws_s3_bucket.youtube-project"
          ]
        },
        {
          "index_key": "GB_category_id.json",
          "schema_version": 0,
          "attributes": {
            "acl": "private",
            "bucket": "de-atilla-on-youtube-raw-useast1-dev",
            "bucket_key_enabled": false,
            "cache_control": "",
            "content": null,
            "content_base64": null,
            "content_disposition": "",
            "content_encoding": "",
            "content_language": "",
            "content_type": "binary/octet-stream",
            "etag": "94d0172a4ffcbe9867046beffda27264",
            "force_destroy": false,
            "id": "youtube/raw_statistics_reference_data/GB_category_id.json",
            "key": "youtube/raw_statistics_reference_data/GB_category_id.json",
            "kms_key_id": null,
            "metadata": {},
            "object_lock_legal_hold_status": "",
            "object_lock_mode": "",
            "object_lock_retain_until_date": "",
            "server_side_encryption": "AES256",
            "source": "/home/atilla/data/GB_category_id.json",
            "source_hash": null,
            "storage_class": "STANDARD",
            "tags": {},
            "tags_all": {},
            "version_id": "",
            "website_redirect": ""
          },
          "sensitive_attributes": [],
          "private": "bnVsbA==",
          "dependencies": [
            "module.s3.aws_s3_bucket.youtube-project"
          ]
        },
        {
          "index_key": "IN_category_id.json",
          "schema_version": 0,
          "attributes": {
            "acl": "private",
            "bucket": "de-atilla-on-youtube-raw-useast1-dev",
            "bucket_key_enabled": false,
            "cache_control": "",
            "content": null,
            "content_base64": null,
            "content_disposition": "",
            "content_encoding": "",
            "content_language": "",
            "content_type": "binary/octet-stream",
            "etag": "3e5433f82bcfcc29445856d33989a3d4",
            "force_destroy": false,
            "id": "youtube/raw_statistics_reference_data/IN_category_id.json",
            "key": "youtube/raw_statistics_reference_data/IN_category_id.json",
            "kms_key_id": null,
            "metadata": {},
            "object_lock_legal_hold_status": "",
            "object_lock_mode": "",
            "object_lock_retain_until_date": "",
            "server_side_encryption": "AES256",
            "source": "/home/atilla/data/IN_category_id.json",
            "source_hash": null,
            "storage_class": "STANDARD",
            "tags": {},
            "tags_all": {},
            "version_id": "",
            "website_redirect": ""
          },
          "sensitive_attributes": [],
          "private": "bnVsbA==",
          "dependencies": [
            "module.s3.aws_s3_bucket.youtube-project"
          ]
        },
        {
          "index_key": "JP_category_id.json",
          "schema_version": 0,
          "attributes": {
            "acl": "private",
            "bucket": "de-atilla-on-youtube-raw-useast1-dev",
            "bucket_key_enabled": false,
            "cache_control": "",
            "content": null,
            "content_base64": null,
            "content_disposition": "",
            "content_encoding": "",
            "content_language": "",
            "content_type": "binary/octet-stream",
            "etag": "3e5433f82bcfcc29445856d33989a3d4",
            "force_destroy": false,
            "id": "youtube/raw_statistics_reference_data/JP_category_id.json",
            "key": "youtube/raw_statistics_reference_data/JP_category_id.json",
            "kms_key_id": null,
            "metadata": {},
            "object_lock_legal_hold_status": "",
            "object_lock_mode": "",
            "object_lock_retain_until_date": "",
            "server_side_encryption": "AES256",
            "source": "/home/atilla/data/JP_category_id.json",
            "source_hash": null,
            "storage_class": "STANDARD",
            "tags": {},
            "tags_all": {},
            "version_id": "",
            "website_redirect": ""
          },
          "sensitive_attributes": [],
          "private": "bnVsbA==",
          "dependencies": [
            "module.s3.aws_s3_bucket.youtube-project"
          ]
        },
        {
          "index_key": "KR_category_id.json",
          "schema_version": 0,
          "attributes": {
            "acl": "private",
            "bucket": "de-atilla-on-youtube-raw-useast1-dev",
            "bucket_key_enabled": false,
            "cache_control": "",
            "content": null,
            "content_base64": null,
            "content_disposition": "",
            "content_encoding": "",
            "content_language": "",
            "content_type": "binary/octet-stream",
            "etag": "3e5433f82bcfcc29445856d33989a3d4",
            "force_destroy": false,
            "id": "youtube/raw_statistics_reference_data/KR_category_id.json",
            "key": "youtube/raw_statistics_reference_data/KR_category_id.json",
            "kms_key_id": null,
            "metadata": {},
            "object_lock_legal_hold_status": "",
            "object_lock_mode": "",
            "object_lock_retain_until_date": "",
            "server_side_encryption": "AES256",
            "source": "/home/atilla/data/KR_category_id.json",
            "source_hash": null,
            "storage_class": "STANDARD",
            "tags": {},
            "tags_all": {},
            "version_id": "",
            "website_redirect": ""
          },
          "sensitive_attributes": [],
          "private": "bnVsbA==",
          "dependencies": [
            "module.s3.aws_s3_bucket.youtube-project"
          ]
        },
        {
          "index_key": "MX_category_id.json",
          "schema_version": 0,
          "attributes": {
            "acl": "private",
            "bucket": "de-atilla-on-youtube-raw-useast1-dev",
            "bucket_key_enabled": false,
            "cache_control": "",
            "content": null,
            "content_base64": null,
            "content_disposition": "",
            "content_encoding": "",
            "content_language": "",
            "content_type": "binary/octet-stream",
            "etag": "3e5433f82bcfcc29445856d33989a3d4",
            "force_destroy": false,
            "id": "youtube/raw_statistics_reference_data/MX_category_id.json",
            "key": "youtube/raw_statistics_reference_data/MX_category_id.json",
            "kms_key_id": null,
            "metadata": {},
            "object_lock_legal_hold_status": "",
            "object_lock_mode": "",
            "object_lock_retain_until_date": "",
            "server_side_encryption": "AES256",
            "source": "/home/atilla/data/MX_category_id.json",
            "source_hash": null,
            "storage_class": "STANDARD",
            "tags": {},
            "tags_all": {},
            "version_id": "",
            "website_redirect": ""
          },
          "sensitive_attributes": [],
          "private": "bnVsbA==",
          "dependencies": [
            "module.s3.aws_s3_bucket.youtube-project"
          ]
        },
        {
          "index_key": "RU_category_id.json",
          "schema_version": 0,
          "attributes": {
            "acl": "private",
            "bucket": "de-atilla-on-youtube-raw-useast1-dev",
            "bucket_key_enabled": false,
            "cache_control": "",
            "content": null,
            "content_base64": null,
            "content_disposition": "",
            "content_encoding": "",
            "content_language": "",
            "content_type": "binary/octet-stream",
            "etag": "3e5433f82bcfcc29445856d33989a3d4",
            "force_destroy": false,
            "id": "youtube/raw_statistics_reference_data/RU_category_id.json",
            "key": "youtube/raw_statistics_reference_data/RU_category_id.json",
            "kms_key_id": null,
            "metadata": {},
            "object_lock_legal_hold_status": "",
            "object_lock_mode": "",
            "object_lock_retain_until_date": "",
            "server_side_encryption": "AES256",
            "source": "/home/atilla/data/RU_category_id.json",
            "source_hash": null,
            "storage_class": "STANDARD",
            "tags": {},
            "tags_all": {},
            "version_id": "",
            "website_redirect": ""
          },
          "sensitive_attributes": [],
          "private": "bnVsbA==",
          "dependencies": [
            "module.s3.aws_s3_bucket.youtube-project"
          ]
        },
        {
          "index_key": "US_category_id.json",
          "schema_version": 0,
          "attributes": {
            "acl": "private",
            "bucket": "de-atilla-on-youtube-raw-useast1-dev",
            "bucket_key_enabled": false,
            "cache_control": "",
            "content": null,
            "content_base64": null,
            "content_disposition": "",
            "content_encoding": "",
            "content_language": "",
            "content_type": "binary/octet-stream",
            "etag": "1a8efb197b19e430c4e04f1df946120b",
            "force_destroy": false,
            "id": "youtube/raw_statistics_reference_data/US_category_id.json",
            "key": "youtube/raw_statistics_reference_data/US_category_id.json",
            "kms_key_id": null,
            "metadata": {},
            "object_lock_legal_hold_status": "",
            "object_lock_mode": "",
            "object_lock_retain_until_date": "",
            "server_side_encryption": "AES256",
            "source": "/home/atilla/data/US_category_id.json",
            "source_hash": null,
            "storage_class": "STANDARD",
            "tags": {},
            "tags_all": {},
            "version_id": "",
            "website_redirect": ""
          },
          "sensitive_attributes": [],
          "private": "bnVsbA==",
          "dependencies": [
            "module.s3.aws_s3_bucket.youtube-project"
          ]
        }
      ]
    }
  ]
}
